
Microsoft Visual Studio Solution File, Format Version 12.00
# Visual Studio Version 16
VisualStudioVersion = 16.0.31911.196
MinimumVisualStudioVersion = 10.0.40219.1
Project("{FAE04EC0-301F-11D3-BF4B-00C04F79EFBC}") = "Announcement.api", "Announcement.api\Announcement.api.csproj", "{E44174C9-2D44-4116-A2AA-D4A5154A3515}"
EndProject
Project("{FAE04EC0-301F-11D3-BF4B-00C04F79EFBC}") = "Announcement.business", "Announcement.business\Announcement.business.csproj", "{CF81E114-8E4A-4B17-BB2B-D5D4C2871D2F}"
EndProject
Project("{FAE04EC0-301F-11D3-BF4B-00C04F79EFBC}") = "Announcement.data", "Announcement.data\Announcement.data.csproj", "{D7966F37-7863-4D63-BAED-AB445DD08477}"
EndProject
Global
	GlobalSection(SolutionConfigurationPlatforms) = preSolution
		Debug|Any CPU = Debug|Any CPU
		Release|Any CPU = Release|Any CPU
	EndGlobalSection
	GlobalSection(ProjectConfigurationPlatforms) = postSolution
		{E44174C9-2D44-4116-A2AA-D4A5154A3515}.Debug|Any CPU.ActiveCfg = Debug|Any CPU
		{E44174C9-2D44-4116-A2AA-D4A5154A3515}.Debug|Any CPU.Build.0 = Debug|Any CPU
		{E44174C9-2D44-4116-A2AA-D4A5154A3515}.Release|Any CPU.ActiveCfg = Release|Any CPU
		{E44174C9-2D44-4116-A2AA-D4A5154A3515}.Release|Any CPU.Build.0 = Release|Any CPU
		{CF81E114-8E4A-4B17-BB2B-D5D4C2871D2F}.Debug|Any CPU.ActiveCfg = Debug|Any CPU
		{CF81E114-8E4A-4B17-BB2B-D5D4C2871D2F}.Debug|Any CPU.Build.0 = Debug|Any CPU
		{CF81E114-8E4A-4B17-BB2B-D5D4C2871D2F}.Release|Any CPU.ActiveCfg = Release|Any CPU
		{CF81E114-8E4A-4B17-BB2B-D5D4C2871D2F}.Release|Any CPU.Build.0 = Release|Any CPU
		{D7966F37-7863-4D63-BAED-AB445DD08477}.Debug|Any CPU.ActiveCfg = Debug|Any CPU
		{D7966F37-7863-4D63-BAED-AB445DD08477}.Debug|Any CPU.Build.0 = Debug|Any CPU
		{D7966F37-7863-4D63-BAED-AB445DD08477}.Release|Any CPU.ActiveCfg = Release|Any CPU
		{D7966F37-7863-4D63-BAED-AB445DD08477}.Release|Any CPU.Build.0 = Release|Any CPU
	EndGlobalSection
	GlobalSection(SolutionProperties) = preSolution
		HideSolutionNode = FALSE
	EndGlobalSection
	GlobalSection(ExtensibilityGlobals) = postSolution
		SolutionGuid = {8A703F42-061C-4EA7-AF9D-23FEC79475C6}
	EndGlobalSection
EndGlobal
